
Microsoft Visual Studio Solution File, Format Version 12.00
# Visual Studio Version 17
VisualStudioVersion = 17.2.32630.192
MinimumVisualStudioVersion = 10.0.40219.1
Project("{FAE04EC0-301F-11D3-BF4B-00C04F79EFBC}") = "WebsiteBanHang_tvhb", "WebsiteBanHang_tvhb\WebsiteBanHang_tvhb.csproj", "{53B134C5-E493-48AA-B60B-0F3679107C01}"
EndProject
Global
	GlobalSection(SolutionConfigurationPlatforms) = preSolution
		Debug|Any CPU = Debug|Any CPU
		Release|Any CPU = Release|Any CPU
	EndGlobalSection
	GlobalSection(ProjectConfigurationPlatforms) = postSolution
		{53B134C5-E493-48AA-B60B-0F3679107C01}.Debug|Any CPU.ActiveCfg = Debug|Any CPU
		{53B134C5-E493-48AA-B60B-0F3679107C01}.Debug|Any CPU.Build.0 = Debug|Any CPU
		{53B134C5-E493-48AA-B60B-0F3679107C01}.Release|Any CPU.ActiveCfg = Release|Any CPU
		{53B134C5-E493-48AA-B60B-0F3679107C01}.Release|Any CPU.Build.0 = Release|Any CPU
	EndGlobalSection
	GlobalSection(SolutionProperties) = preSolution
		HideSolutionNode = FALSE
	EndGlobalSection
	GlobalSection(ExtensibilityGlobals) = postSolution
		SolutionGuid = {94A38BE9-6FFC-4537-8AFD-13A326C35A83}
	EndGlobalSection
EndGlobal
